
Microsoft Visual Studio Solution File, Format Version 12.00
# Visual Studio Version 17
VisualStudioVersion = 17.13.35818.85
MinimumVisualStudioVersion = 10.0.40219.1
Project("{FAE04EC0-301F-11D3-BF4B-00C04F79EFBC}") = "Web_API", "Web_API\Web_API.csproj", "{99E6A423-5191-427E-8B52-D699F3827BFA}"
EndProject
Project("{2150E333-8FDC-42A3-9474-1A3956D46DE8}") = "Элементы решения", "Элементы решения", "{754FC069-D67B-A9D7-50A1-8D1CA196D8F1}"
	ProjectSection(SolutionItems) = preProject
		README.md = README.md
		Тестовое задание на разработку.md = Тестовое задание на разработку.md
	EndProjectSection
EndProject
Project("{FAE04EC0-301F-11D3-BF4B-00C04F79EFBC}") = "API_Abstract", "API_Abstract\API_Abstract.csproj", "{C434531E-596C-406F-A12A-C0BE603E79CE}"
EndProject
Project("{FAE04EC0-301F-11D3-BF4B-00C04F79EFBC}") = "DB_Manager", "BD_Manager\DB_Manager.csproj", "{1DE02AB5-CA49-409A-BA10-53BD12DB27BE}"
EndProject
Project("{FAE04EC0-301F-11D3-BF4B-00C04F79EFBC}") = "Web_API.Tests", "Web_API.Tests\Web_API.Tests.csproj", "{B7AE177F-34E9-4F4D-93D3-A9BB8F9CEA98}"
EndProject
Project("{FAE04EC0-301F-11D3-BF4B-00C04F79EFBC}") = "CacheRedis", "CacheRedis\CacheRedis.csproj", "{9FCFF860-6A1D-4588-9698-BC0EBC2A8AA5}"
EndProject
Global
	GlobalSection(SolutionConfigurationPlatforms) = preSolution
		Debug|Any CPU = Debug|Any CPU
		Release|Any CPU = Release|Any CPU
	EndGlobalSection
	GlobalSection(ProjectConfigurationPlatforms) = postSolution
		{99E6A423-5191-427E-8B52-D699F3827BFA}.Debug|Any CPU.ActiveCfg = Debug|Any CPU
		{99E6A423-5191-427E-8B52-D699F3827BFA}.Debug|Any CPU.Build.0 = Debug|Any CPU
		{99E6A423-5191-427E-8B52-D699F3827BFA}.Release|Any CPU.ActiveCfg = Release|Any CPU
		{99E6A423-5191-427E-8B52-D699F3827BFA}.Release|Any CPU.Build.0 = Release|Any CPU
		{C434531E-596C-406F-A12A-C0BE603E79CE}.Debug|Any CPU.ActiveCfg = Debug|Any CPU
		{C434531E-596C-406F-A12A-C0BE603E79CE}.Debug|Any CPU.Build.0 = Debug|Any CPU
		{C434531E-596C-406F-A12A-C0BE603E79CE}.Release|Any CPU.ActiveCfg = Release|Any CPU
		{C434531E-596C-406F-A12A-C0BE603E79CE}.Release|Any CPU.Build.0 = Release|Any CPU
		{1DE02AB5-CA49-409A-BA10-53BD12DB27BE}.Debug|Any CPU.ActiveCfg = Debug|Any CPU
		{1DE02AB5-CA49-409A-BA10-53BD12DB27BE}.Debug|Any CPU.Build.0 = Debug|Any CPU
		{1DE02AB5-CA49-409A-BA10-53BD12DB27BE}.Release|Any CPU.ActiveCfg = Release|Any CPU
		{1DE02AB5-CA49-409A-BA10-53BD12DB27BE}.Release|Any CPU.Build.0 = Release|Any CPU
		{B7AE177F-34E9-4F4D-93D3-A9BB8F9CEA98}.Debug|Any CPU.ActiveCfg = Debug|Any CPU
		{B7AE177F-34E9-4F4D-93D3-A9BB8F9CEA98}.Debug|Any CPU.Build.0 = Debug|Any CPU
		{B7AE177F-34E9-4F4D-93D3-A9BB8F9CEA98}.Release|Any CPU.ActiveCfg = Release|Any CPU
		{B7AE177F-34E9-4F4D-93D3-A9BB8F9CEA98}.Release|Any CPU.Build.0 = Release|Any CPU
		{9FCFF860-6A1D-4588-9698-BC0EBC2A8AA5}.Debug|Any CPU.ActiveCfg = Debug|Any CPU
		{9FCFF860-6A1D-4588-9698-BC0EBC2A8AA5}.Debug|Any CPU.Build.0 = Debug|Any CPU
		{9FCFF860-6A1D-4588-9698-BC0EBC2A8AA5}.Release|Any CPU.ActiveCfg = Release|Any CPU
		{9FCFF860-6A1D-4588-9698-BC0EBC2A8AA5}.Release|Any CPU.Build.0 = Release|Any CPU
	EndGlobalSection
	GlobalSection(SolutionProperties) = preSolution
		HideSolutionNode = FALSE
	EndGlobalSection
	GlobalSection(ExtensibilityGlobals) = postSolution
		SolutionGuid = {B9A297EB-67FE-42C5-8B6B-C7E836A700B3}
	EndGlobalSection
EndGlobal
